
Microsoft Visual Studio Solution File, Format Version 12.00
# Visual Studio 14
VisualStudioVersion = 14.0.25420.1
MinimumVisualStudioVersion = 10.0.40219.1
Project("{8BC9CEB8-8B4A-11D0-8D11-00A0C91BC942}") = "HandsonCpp", "HandsonCpp\HandsonCpp.vcxproj", "{4F680457-CBBD-4DE6-8019-71DC2FA6FB1D}"
EndProject
Project("{8BC9CEB8-8B4A-11D0-8D11-00A0C91BC942}") = "Addition", "Addition\Addition.vcxproj", "{6811CD0D-C361-4349-B090-8883F8F1252E}"
EndProject
Project("{8BC9CEB8-8B4A-11D0-8D11-00A0C91BC942}") = "Prepost", "Prepost\Prepost.vcxproj", "{BB221B26-B871-421F-82E7-2A90518C9EAD}"
EndProject
Project("{8BC9CEB8-8B4A-11D0-8D11-00A0C91BC942}") = "Datatypes", "Datatypes\Datatypes.vcxproj", "{69A7AA4D-7BE1-47F0-A518-6F37EBD1DF09}"
EndProject
Project("{8BC9CEB8-8B4A-11D0-8D11-00A0C91BC942}") = "OperatorPrecedence", "OperatorPrecedence\OperatorPrecedence.vcxproj", "{69215A05-7910-492D-8D22-46DB3E53E5E2}"
EndProject
Project("{8BC9CEB8-8B4A-11D0-8D11-00A0C91BC942}") = "StudentMarks", "StudentMarks\StudentMarks.vcxproj", "{379CDD51-D899-4CAC-818F-DCD8B5A6F388}"
EndProject
Project("{8BC9CEB8-8B4A-11D0-8D11-00A0C91BC942}") = "AscendingOrder", "AscendingOrder\AscendingOrder.vcxproj", "{639E43FD-DAB0-489C-A499-E078B21FF942}"
EndProject
Project("{8BC9CEB8-8B4A-11D0-8D11-00A0C91BC942}") = "NumberTable", "NumberTable\NumberTable.vcxproj", "{F2E8DEC0-A47A-4E90-81AC-A0C7A86EE06A}"
EndProject
Project("{8BC9CEB8-8B4A-11D0-8D11-00A0C91BC942}") = "EvenNumberTable", "EvenNumberTable\EvenNumberTable.vcxproj", "{F2D6DF6C-3317-4360-9E17-BCCE6E17CC89}"
EndProject
Project("{8BC9CEB8-8B4A-11D0-8D11-00A0C91BC942}") = "NonPrimeNumTable", "NonPrimeNumTable\NonPrimeNumTable.vcxproj", "{BEA7D3C7-0C7A-47ED-91CA-F606723316FB}"
EndProject
Project("{8BC9CEB8-8B4A-11D0-8D11-00A0C91BC942}") = "StopTableOnPrime", "StopTableOnPrime\StopTableOnPrime.vcxproj", "{91533D1A-61D5-4C94-A10B-0881F75B51B3}"
EndProject
Project("{8BC9CEB8-8B4A-11D0-8D11-00A0C91BC942}") = "Experiment", "Experiment\Experiment.vcxproj", "{EF3B39EF-3D22-4E86-8582-FEF18E2B9F0E}"
EndProject
Project("{8BC9CEB8-8B4A-11D0-8D11-00A0C91BC942}") = "SwitchCase", "SwitchCase\SwitchCase.vcxproj", "{DF34CF55-B311-48A8-B4D7-96E4D41D0249}"
EndProject
Project("{8BC9CEB8-8B4A-11D0-8D11-00A0C91BC942}") = "Modular_Calci", "Modular_Calci\Modular_Calci.vcxproj", "{F1187D1F-773C-4D37-8142-27B887543BE5}"
EndProject
Project("{8BC9CEB8-8B4A-11D0-8D11-00A0C91BC942}") = "MethodOverloading", "MethodOverloading\MethodOverloading.vcxproj", "{BDEBB867-824E-458C-988A-22A523AC0D50}"
EndProject
Project("{8BC9CEB8-8B4A-11D0-8D11-00A0C91BC942}") = "Enum", "Enum\Enum.vcxproj", "{A696B704-4994-45DD-B544-66ED07B4FB9D}"
EndProject
Project("{8BC9CEB8-8B4A-11D0-8D11-00A0C91BC942}") = "Array", "Array\Array.vcxproj", "{A712FEFE-62DC-49D6-8A41-CD95093F1ADA}"
EndProject
Project("{8BC9CEB8-8B4A-11D0-8D11-00A0C91BC942}") = "FunctionPointer", "FunctionPointer\FunctionPointer.vcxproj", "{34128E72-6FB5-43A6-9A45-78679F433600}"
EndProject
Project("{8BC9CEB8-8B4A-11D0-8D11-00A0C91BC942}") = "Pointers", "Pointers\Pointers.vcxproj", "{A7CA6A4F-979F-4D7C-A645-4591C0C8C5E4}"
EndProject
Project("{8BC9CEB8-8B4A-11D0-8D11-00A0C91BC942}") = "ArrayPointer", "ArrayPointer\ArrayPointer.vcxproj", "{9931FF9F-2596-4A88-A146-809D89A650BB}"
EndProject
Project("{8BC9CEB8-8B4A-11D0-8D11-00A0C91BC942}") = "PointersDepth", "PointersDepth\PointersDepth.vcxproj", "{885C517A-B845-4492-94AC-FF4D6E21CA66}"
EndProject
Project("{8BC9CEB8-8B4A-11D0-8D11-00A0C91BC942}") = "Structures", "Structures\Structures.vcxproj", "{BA0DDE71-475B-4A09-904F-C5F9C021CCB2}"
EndProject
Project("{8BC9CEB8-8B4A-11D0-8D11-00A0C91BC942}") = "Structures_Big", "Structures_Big\Structures_Big.vcxproj", "{04B2E1BD-798B-4B97-B6D7-083DACAD251C}"
EndProject
Project("{8BC9CEB8-8B4A-11D0-8D11-00A0C91BC942}") = "Array_Sort", "Array_Sort\Array_Sort.vcxproj", "{203E81F6-CCDF-4BFD-A5AA-CB05E56C6EAB}"
EndProject
Project("{8BC9CEB8-8B4A-11D0-8D11-00A0C91BC942}") = "Array_Structure", "Array_Structure\Array_Structure.vcxproj", "{1942FE2C-F4B8-4FD3-B350-E50A72FE3B35}"
EndProject
Project("{2150E333-8FDC-42A3-9474-1A3956D46DE8}") = "ProceduralProgramming", "ProceduralProgramming", "{DE3A84E4-A305-44A5-AB74-68B53F993734}"
EndProject
Project("{2150E333-8FDC-42A3-9474-1A3956D46DE8}") = "ObjectOrientedProgramming", "ObjectOrientedProgramming", "{0ACF7832-3C0A-4F02-BB87-3A932385F87C}"
EndProject
Project("{8BC9CEB8-8B4A-11D0-8D11-00A0C91BC942}") = "Experiment_OOPS", "Experiment_OOPS\Experiment_OOPS.vcxproj", "{2C56E3A0-A85C-4A60-A221-80BA141372AA}"
EndProject
Project("{8BC9CEB8-8B4A-11D0-8D11-00A0C91BC942}") = "DynamicMemoryAlloc", "DynamicMemoryAlloc\DynamicMemoryAlloc.vcxproj", "{5EFB00C0-FC09-46B4-B8B3-6168756FFBDC}"
EndProject
Project("{8BC9CEB8-8B4A-11D0-8D11-00A0C91BC942}") = "Encapsulation", "Encapsulation\Encapsulation.vcxproj", "{2DAFB831-15DB-466C-85E4-085C08C1C326}"
EndProject
Project("{8BC9CEB8-8B4A-11D0-8D11-00A0C91BC942}") = "EmployeeClass", "EmployeeClass\EmployeeClass.vcxproj", "{B82F4D93-2F2B-43DD-BA58-E0702E7C7920}"
EndProject
Project("{8BC9CEB8-8B4A-11D0-8D11-00A0C91BC942}") = "Employee_Class", "Employee_Class\Employee_Class.vcxproj", "{A57359BD-EC39-4F95-9607-DEAE3F118451}"
EndProject
Project("{8BC9CEB8-8B4A-11D0-8D11-00A0C91BC942}") = "ObjectCount", "ObjectCount\ObjectCount.vcxproj", "{0257526B-1F83-4C11-B905-F5B860614EE7}"
EndProject
Project("{8BC9CEB8-8B4A-11D0-8D11-00A0C91BC942}") = "ConstructorOverloading", "ConstructorOverloading\ConstructorOverloading.vcxproj", "{A7B0FE88-ADD8-4D91-B995-42C704DF5F6D}"
EndProject
Project("{8BC9CEB8-8B4A-11D0-8D11-00A0C91BC942}") = "CopyCOnstructor", "CopyCOnstructor\CopyCOnstructor.vcxproj", "{B4C2F7B0-7DB7-48E8-948D-35CA016D13E3}"
EndProject
Project("{8BC9CEB8-8B4A-11D0-8D11-00A0C91BC942}") = "OperatorOverloading", "OperatorOverloading\OperatorOverloading.vcxproj", "{8A1C8EDD-1441-42F9-82E3-AA216EF9AF85}"
EndProject
Project("{8BC9CEB8-8B4A-11D0-8D11-00A0C91BC942}") = "Template", "Template\Template.vcxproj", "{D8F88996-832E-4FBC-8EFC-B64FB1DDCD0B}"
EndProject
Project("{8BC9CEB8-8B4A-11D0-8D11-00A0C91BC942}") = "PolymorphismEx", "PolymorphismEx\PolymorphismEx.vcxproj", "{1FA18EFB-85B7-49EA-83DB-CCE490EC0781}"
EndProject
Project("{8BC9CEB8-8B4A-11D0-8D11-00A0C91BC942}") = "Vector", "Vector\Vector.vcxproj", "{04D1D3A7-1648-4DA4-9A09-5A802EFC09E7}"
EndProject
Project("{8BC9CEB8-8B4A-11D0-8D11-00A0C91BC942}") = "Map", "Map\Map.vcxproj", "{CA79417D-482A-416D-B1A2-F087AD6CBB1B}"
EndProject
Global
	GlobalSection(SolutionConfigurationPlatforms) = preSolution
		Debug|x64 = Debug|x64
		Debug|x86 = Debug|x86
		Release|x64 = Release|x64
		Release|x86 = Release|x86
	EndGlobalSection
	GlobalSection(ProjectConfigurationPlatforms) = postSolution
		{4F680457-CBBD-4DE6-8019-71DC2FA6FB1D}.Debug|x64.ActiveCfg = Debug|x64
		{4F680457-CBBD-4DE6-8019-71DC2FA6FB1D}.Debug|x64.Build.0 = Debug|x64
		{4F680457-CBBD-4DE6-8019-71DC2FA6FB1D}.Debug|x86.ActiveCfg = Debug|Win32
		{4F680457-CBBD-4DE6-8019-71DC2FA6FB1D}.Debug|x86.Build.0 = Debug|Win32
		{4F680457-CBBD-4DE6-8019-71DC2FA6FB1D}.Release|x64.ActiveCfg = Release|x64
		{4F680457-CBBD-4DE6-8019-71DC2FA6FB1D}.Release|x64.Build.0 = Release|x64
		{4F680457-CBBD-4DE6-8019-71DC2FA6FB1D}.Release|x86.ActiveCfg = Release|Win32
		{4F680457-CBBD-4DE6-8019-71DC2FA6FB1D}.Release|x86.Build.0 = Release|Win32
		{6811CD0D-C361-4349-B090-8883F8F1252E}.Debug|x64.ActiveCfg = Debug|x64
		{6811CD0D-C361-4349-B090-8883F8F1252E}.Debug|x64.Build.0 = Debug|x64
		{6811CD0D-C361-4349-B090-8883F8F1252E}.Debug|x86.ActiveCfg = Debug|Win32
		{6811CD0D-C361-4349-B090-8883F8F1252E}.Debug|x86.Build.0 = Debug|Win32
		{6811CD0D-C361-4349-B090-8883F8F1252E}.Release|x64.ActiveCfg = Release|x64
		{6811CD0D-C361-4349-B090-8883F8F1252E}.Release|x64.Build.0 = Release|x64
		{6811CD0D-C361-4349-B090-8883F8F1252E}.Release|x86.ActiveCfg = Release|Win32
		{6811CD0D-C361-4349-B090-8883F8F1252E}.Release|x86.Build.0 = Release|Win32
		{BB221B26-B871-421F-82E7-2A90518C9EAD}.Debug|x64.ActiveCfg = Debug|x64
		{BB221B26-B871-421F-82E7-2A90518C9EAD}.Debug|x64.Build.0 = Debug|x64
		{BB221B26-B871-421F-82E7-2A90518C9EAD}.Debug|x86.ActiveCfg = Debug|Win32
		{BB221B26-B871-421F-82E7-2A90518C9EAD}.Debug|x86.Build.0 = Debug|Win32
		{BB221B26-B871-421F-82E7-2A90518C9EAD}.Release|x64.ActiveCfg = Release|x64
		{BB221B26-B871-421F-82E7-2A90518C9EAD}.Release|x64.Build.0 = Release|x64
		{BB221B26-B871-421F-82E7-2A90518C9EAD}.Release|x86.ActiveCfg = Release|Win32
		{BB221B26-B871-421F-82E7-2A90518C9EAD}.Release|x86.Build.0 = Release|Win32
		{69A7AA4D-7BE1-47F0-A518-6F37EBD1DF09}.Debug|x64.ActiveCfg = Debug|x64
		{69A7AA4D-7BE1-47F0-A518-6F37EBD1DF09}.Debug|x64.Build.0 = Debug|x64
		{69A7AA4D-7BE1-47F0-A518-6F37EBD1DF09}.Debug|x86.ActiveCfg = Debug|Win32
		{69A7AA4D-7BE1-47F0-A518-6F37EBD1DF09}.Debug|x86.Build.0 = Debug|Win32
		{69A7AA4D-7BE1-47F0-A518-6F37EBD1DF09}.Release|x64.ActiveCfg = Release|x64
		{69A7AA4D-7BE1-47F0-A518-6F37EBD1DF09}.Release|x64.Build.0 = Release|x64
		{69A7AA4D-7BE1-47F0-A518-6F37EBD1DF09}.Release|x86.ActiveCfg = Release|Win32
		{69A7AA4D-7BE1-47F0-A518-6F37EBD1DF09}.Release|x86.Build.0 = Release|Win32
		{69215A05-7910-492D-8D22-46DB3E53E5E2}.Debug|x64.ActiveCfg = Debug|x64
		{69215A05-7910-492D-8D22-46DB3E53E5E2}.Debug|x64.Build.0 = Debug|x64
		{69215A05-7910-492D-8D22-46DB3E53E5E2}.Debug|x86.ActiveCfg = Debug|Win32
		{69215A05-7910-492D-8D22-46DB3E53E5E2}.Debug|x86.Build.0 = Debug|Win32
		{69215A05-7910-492D-8D22-46DB3E53E5E2}.Release|x64.ActiveCfg = Release|x64
		{69215A05-7910-492D-8D22-46DB3E53E5E2}.Release|x64.Build.0 = Release|x64
		{69215A05-7910-492D-8D22-46DB3E53E5E2}.Release|x86.ActiveCfg = Release|Win32
		{69215A05-7910-492D-8D22-46DB3E53E5E2}.Release|x86.Build.0 = Release|Win32
		{379CDD51-D899-4CAC-818F-DCD8B5A6F388}.Debug|x64.ActiveCfg = Debug|x64
		{379CDD51-D899-4CAC-818F-DCD8B5A6F388}.Debug|x64.Build.0 = Debug|x64
		{379CDD51-D899-4CAC-818F-DCD8B5A6F388}.Debug|x86.ActiveCfg = Debug|Win32
		{379CDD51-D899-4CAC-818F-DCD8B5A6F388}.Debug|x86.Build.0 = Debug|Win32
		{379CDD51-D899-4CAC-818F-DCD8B5A6F388}.Release|x64.ActiveCfg = Release|x64
		{379CDD51-D899-4CAC-818F-DCD8B5A6F388}.Release|x64.Build.0 = Release|x64
		{379CDD51-D899-4CAC-818F-DCD8B5A6F388}.Release|x86.ActiveCfg = Release|Win32
		{379CDD51-D899-4CAC-818F-DCD8B5A6F388}.Release|x86.Build.0 = Release|Win32
		{639E43FD-DAB0-489C-A499-E078B21FF942}.Debug|x64.ActiveCfg = Debug|x64
		{639E43FD-DAB0-489C-A499-E078B21FF942}.Debug|x64.Build.0 = Debug|x64
		{639E43FD-DAB0-489C-A499-E078B21FF942}.Debug|x86.ActiveCfg = Debug|Win32
		{639E43FD-DAB0-489C-A499-E078B21FF942}.Debug|x86.Build.0 = Debug|Win32
		{639E43FD-DAB0-489C-A499-E078B21FF942}.Release|x64.ActiveCfg = Release|x64
		{639E43FD-DAB0-489C-A499-E078B21FF942}.Release|x64.Build.0 = Release|x64
		{639E43FD-DAB0-489C-A499-E078B21FF942}.Release|x86.ActiveCfg = Release|Win32
		{639E43FD-DAB0-489C-A499-E078B21FF942}.Release|x86.Build.0 = Release|Win32
		{F2E8DEC0-A47A-4E90-81AC-A0C7A86EE06A}.Debug|x64.ActiveCfg = Debug|x64
		{F2E8DEC0-A47A-4E90-81AC-A0C7A86EE06A}.Debug|x64.Build.0 = Debug|x64
		{F2E8DEC0-A47A-4E90-81AC-A0C7A86EE06A}.Debug|x86.ActiveCfg = Debug|Win32
		{F2E8DEC0-A47A-4E90-81AC-A0C7A86EE06A}.Debug|x86.Build.0 = Debug|Win32
		{F2E8DEC0-A47A-4E90-81AC-A0C7A86EE06A}.Release|x64.ActiveCfg = Release|x64
		{F2E8DEC0-A47A-4E90-81AC-A0C7A86EE06A}.Release|x64.Build.0 = Release|x64
		{F2E8DEC0-A47A-4E90-81AC-A0C7A86EE06A}.Release|x86.ActiveCfg = Release|Win32
		{F2E8DEC0-A47A-4E90-81AC-A0C7A86EE06A}.Release|x86.Build.0 = Release|Win32
		{F2D6DF6C-3317-4360-9E17-BCCE6E17CC89}.Debug|x64.ActiveCfg = Debug|x64
		{F2D6DF6C-3317-4360-9E17-BCCE6E17CC89}.Debug|x64.Build.0 = Debug|x64
		{F2D6DF6C-3317-4360-9E17-BCCE6E17CC89}.Debug|x86.ActiveCfg = Debug|Win32
		{F2D6DF6C-3317-4360-9E17-BCCE6E17CC89}.Debug|x86.Build.0 = Debug|Win32
		{F2D6DF6C-3317-4360-9E17-BCCE6E17CC89}.Release|x64.ActiveCfg = Release|x64
		{F2D6DF6C-3317-4360-9E17-BCCE6E17CC89}.Release|x64.Build.0 = Release|x64
		{F2D6DF6C-3317-4360-9E17-BCCE6E17CC89}.Release|x86.ActiveCfg = Release|Win32
		{F2D6DF6C-3317-4360-9E17-BCCE6E17CC89}.Release|x86.Build.0 = Release|Win32
		{BEA7D3C7-0C7A-47ED-91CA-F606723316FB}.Debug|x64.ActiveCfg = Debug|x64
		{BEA7D3C7-0C7A-47ED-91CA-F606723316FB}.Debug|x64.Build.0 = Debug|x64
		{BEA7D3C7-0C7A-47ED-91CA-F606723316FB}.Debug|x86.ActiveCfg = Debug|Win32
		{BEA7D3C7-0C7A-47ED-91CA-F606723316FB}.Debug|x86.Build.0 = Debug|Win32
		{BEA7D3C7-0C7A-47ED-91CA-F606723316FB}.Release|x64.ActiveCfg = Release|x64
		{BEA7D3C7-0C7A-47ED-91CA-F606723316FB}.Release|x64.Build.0 = Release|x64
		{BEA7D3C7-0C7A-47ED-91CA-F606723316FB}.Release|x86.ActiveCfg = Release|Win32
		{BEA7D3C7-0C7A-47ED-91CA-F606723316FB}.Release|x86.Build.0 = Release|Win32
		{91533D1A-61D5-4C94-A10B-0881F75B51B3}.Debug|x64.ActiveCfg = Debug|x64
		{91533D1A-61D5-4C94-A10B-0881F75B51B3}.Debug|x64.Build.0 = Debug|x64
		{91533D1A-61D5-4C94-A10B-0881F75B51B3}.Debug|x86.ActiveCfg = Debug|Win32
		{91533D1A-61D5-4C94-A10B-0881F75B51B3}.Debug|x86.Build.0 = Debug|Win32
		{91533D1A-61D5-4C94-A10B-0881F75B51B3}.Release|x64.ActiveCfg = Release|x64
		{91533D1A-61D5-4C94-A10B-0881F75B51B3}.Release|x64.Build.0 = Release|x64
		{91533D1A-61D5-4C94-A10B-0881F75B51B3}.Release|x86.ActiveCfg = Release|Win32
		{91533D1A-61D5-4C94-A10B-0881F75B51B3}.Release|x86.Build.0 = Release|Win32
		{EF3B39EF-3D22-4E86-8582-FEF18E2B9F0E}.Debug|x64.ActiveCfg = Debug|x64
		{EF3B39EF-3D22-4E86-8582-FEF18E2B9F0E}.Debug|x64.Build.0 = Debug|x64
		{EF3B39EF-3D22-4E86-8582-FEF18E2B9F0E}.Debug|x86.ActiveCfg = Debug|Win32
		{EF3B39EF-3D22-4E86-8582-FEF18E2B9F0E}.Debug|x86.Build.0 = Debug|Win32
		{EF3B39EF-3D22-4E86-8582-FEF18E2B9F0E}.Release|x64.ActiveCfg = Release|x64
		{EF3B39EF-3D22-4E86-8582-FEF18E2B9F0E}.Release|x64.Build.0 = Release|x64
		{EF3B39EF-3D22-4E86-8582-FEF18E2B9F0E}.Release|x86.ActiveCfg = Release|Win32
		{EF3B39EF-3D22-4E86-8582-FEF18E2B9F0E}.Release|x86.Build.0 = Release|Win32
		{DF34CF55-B311-48A8-B4D7-96E4D41D0249}.Debug|x64.ActiveCfg = Debug|x64
		{DF34CF55-B311-48A8-B4D7-96E4D41D0249}.Debug|x64.Build.0 = Debug|x64
		{DF34CF55-B311-48A8-B4D7-96E4D41D0249}.Debug|x86.ActiveCfg = Debug|Win32
		{DF34CF55-B311-48A8-B4D7-96E4D41D0249}.Debug|x86.Build.0 = Debug|Win32
		{DF34CF55-B311-48A8-B4D7-96E4D41D0249}.Release|x64.ActiveCfg = Release|x64
		{DF34CF55-B311-48A8-B4D7-96E4D41D0249}.Release|x64.Build.0 = Release|x64
		{DF34CF55-B311-48A8-B4D7-96E4D41D0249}.Release|x86.ActiveCfg = Release|Win32
		{DF34CF55-B311-48A8-B4D7-96E4D41D0249}.Release|x86.Build.0 = Release|Win32
		{F1187D1F-773C-4D37-8142-27B887543BE5}.Debug|x64.ActiveCfg = Debug|x64
		{F1187D1F-773C-4D37-8142-27B887543BE5}.Debug|x64.Build.0 = Debug|x64
		{F1187D1F-773C-4D37-8142-27B887543BE5}.Debug|x86.ActiveCfg = Debug|Win32
		{F1187D1F-773C-4D37-8142-27B887543BE5}.Debug|x86.Build.0 = Debug|Win32
		{F1187D1F-773C-4D37-8142-27B887543BE5}.Release|x64.ActiveCfg = Release|x64
		{F1187D1F-773C-4D37-8142-27B887543BE5}.Release|x64.Build.0 = Release|x64
		{F1187D1F-773C-4D37-8142-27B887543BE5}.Release|x86.ActiveCfg = Release|Win32
		{F1187D1F-773C-4D37-8142-27B887543BE5}.Release|x86.Build.0 = Release|Win32
		{BDEBB867-824E-458C-988A-22A523AC0D50}.Debug|x64.ActiveCfg = Debug|x64
		{BDEBB867-824E-458C-988A-22A523AC0D50}.Debug|x64.Build.0 = Debug|x64
		{BDEBB867-824E-458C-988A-22A523AC0D50}.Debug|x86.ActiveCfg = Debug|Win32
		{BDEBB867-824E-458C-988A-22A523AC0D50}.Debug|x86.Build.0 = Debug|Win32
		{BDEBB867-824E-458C-988A-22A523AC0D50}.Release|x64.ActiveCfg = Release|x64
		{BDEBB867-824E-458C-988A-22A523AC0D50}.Release|x64.Build.0 = Release|x64
		{BDEBB867-824E-458C-988A-22A523AC0D50}.Release|x86.ActiveCfg = Release|Win32
		{BDEBB867-824E-458C-988A-22A523AC0D50}.Release|x86.Build.0 = Release|Win32
		{A696B704-4994-45DD-B544-66ED07B4FB9D}.Debug|x64.ActiveCfg = Debug|x64
		{A696B704-4994-45DD-B544-66ED07B4FB9D}.Debug|x64.Build.0 = Debug|x64
		{A696B704-4994-45DD-B544-66ED07B4FB9D}.Debug|x86.ActiveCfg = Debug|Win32
		{A696B704-4994-45DD-B544-66ED07B4FB9D}.Debug|x86.Build.0 = Debug|Win32
		{A696B704-4994-45DD-B544-66ED07B4FB9D}.Release|x64.ActiveCfg = Release|x64
		{A696B704-4994-45DD-B544-66ED07B4FB9D}.Release|x64.Build.0 = Release|x64
		{A696B704-4994-45DD-B544-66ED07B4FB9D}.Release|x86.ActiveCfg = Release|Win32
		{A696B704-4994-45DD-B544-66ED07B4FB9D}.Release|x86.Build.0 = Release|Win32
		{A712FEFE-62DC-49D6-8A41-CD95093F1ADA}.Debug|x64.ActiveCfg = Debug|x64
		{A712FEFE-62DC-49D6-8A41-CD95093F1ADA}.Debug|x64.Build.0 = Debug|x64
		{A712FEFE-62DC-49D6-8A41-CD95093F1ADA}.Debug|x86.ActiveCfg = Debug|Win32
		{A712FEFE-62DC-49D6-8A41-CD95093F1ADA}.Debug|x86.Build.0 = Debug|Win32
		{A712FEFE-62DC-49D6-8A41-CD95093F1ADA}.Release|x64.ActiveCfg = Release|x64
		{A712FEFE-62DC-49D6-8A41-CD95093F1ADA}.Release|x64.Build.0 = Release|x64
		{A712FEFE-62DC-49D6-8A41-CD95093F1ADA}.Release|x86.ActiveCfg = Release|Win32
		{A712FEFE-62DC-49D6-8A41-CD95093F1ADA}.Release|x86.Build.0 = Release|Win32
		{34128E72-6FB5-43A6-9A45-78679F433600}.Debug|x64.ActiveCfg = Debug|x64
		{34128E72-6FB5-43A6-9A45-78679F433600}.Debug|x64.Build.0 = Debug|x64
		{34128E72-6FB5-43A6-9A45-78679F433600}.Debug|x86.ActiveCfg = Debug|Win32
		{34128E72-6FB5-43A6-9A45-78679F433600}.Debug|x86.Build.0 = Debug|Win32
		{34128E72-6FB5-43A6-9A45-78679F433600}.Release|x64.ActiveCfg = Release|x64
		{34128E72-6FB5-43A6-9A45-78679F433600}.Release|x64.Build.0 = Release|x64
		{34128E72-6FB5-43A6-9A45-78679F433600}.Release|x86.ActiveCfg = Release|Win32
		{34128E72-6FB5-43A6-9A45-78679F433600}.Release|x86.Build.0 = Release|Win32
		{A7CA6A4F-979F-4D7C-A645-4591C0C8C5E4}.Debug|x64.ActiveCfg = Debug|x64
		{A7CA6A4F-979F-4D7C-A645-4591C0C8C5E4}.Debug|x64.Build.0 = Debug|x64
		{A7CA6A4F-979F-4D7C-A645-4591C0C8C5E4}.Debug|x86.ActiveCfg = Debug|Win32
		{A7CA6A4F-979F-4D7C-A645-4591C0C8C5E4}.Debug|x86.Build.0 = Debug|Win32
		{A7CA6A4F-979F-4D7C-A645-4591C0C8C5E4}.Release|x64.ActiveCfg = Release|x64
		{A7CA6A4F-979F-4D7C-A645-4591C0C8C5E4}.Release|x64.Build.0 = Release|x64
		{A7CA6A4F-979F-4D7C-A645-4591C0C8C5E4}.Release|x86.ActiveCfg = Release|Win32
		{A7CA6A4F-979F-4D7C-A645-4591C0C8C5E4}.Release|x86.Build.0 = Release|Win32
		{9931FF9F-2596-4A88-A146-809D89A650BB}.Debug|x64.ActiveCfg = Debug|x64
		{9931FF9F-2596-4A88-A146-809D89A650BB}.Debug|x64.Build.0 = Debug|x64
		{9931FF9F-2596-4A88-A146-809D89A650BB}.Debug|x86.ActiveCfg = Debug|Win32
		{9931FF9F-2596-4A88-A146-809D89A650BB}.Debug|x86.Build.0 = Debug|Win32
		{9931FF9F-2596-4A88-A146-809D89A650BB}.Release|x64.ActiveCfg = Release|x64
		{9931FF9F-2596-4A88-A146-809D89A650BB}.Release|x64.Build.0 = Release|x64
		{9931FF9F-2596-4A88-A146-809D89A650BB}.Release|x86.ActiveCfg = Release|Win32
		{9931FF9F-2596-4A88-A146-809D89A650BB}.Release|x86.Build.0 = Release|Win32
		{885C517A-B845-4492-94AC-FF4D6E21CA66}.Debug|x64.ActiveCfg = Debug|x64
		{885C517A-B845-4492-94AC-FF4D6E21CA66}.Debug|x64.Build.0 = Debug|x64
		{885C517A-B845-4492-94AC-FF4D6E21CA66}.Debug|x86.ActiveCfg = Debug|Win32
		{885C517A-B845-4492-94AC-FF4D6E21CA66}.Debug|x86.Build.0 = Debug|Win32
		{885C517A-B845-4492-94AC-FF4D6E21CA66}.Release|x64.ActiveCfg = Release|x64
		{885C517A-B845-4492-94AC-FF4D6E21CA66}.Release|x64.Build.0 = Release|x64
		{885C517A-B845-4492-94AC-FF4D6E21CA66}.Release|x86.ActiveCfg = Release|Win32
		{885C517A-B845-4492-94AC-FF4D6E21CA66}.Release|x86.Build.0 = Release|Win32
		{BA0DDE71-475B-4A09-904F-C5F9C021CCB2}.Debug|x64.ActiveCfg = Debug|x64
		{BA0DDE71-475B-4A09-904F-C5F9C021CCB2}.Debug|x64.Build.0 = Debug|x64
		{BA0DDE71-475B-4A09-904F-C5F9C021CCB2}.Debug|x86.ActiveCfg = Debug|Win32
		{BA0DDE71-475B-4A09-904F-C5F9C021CCB2}.Debug|x86.Build.0 = Debug|Win32
		{BA0DDE71-475B-4A09-904F-C5F9C021CCB2}.Release|x64.ActiveCfg = Release|x64
		{BA0DDE71-475B-4A09-904F-C5F9C021CCB2}.Release|x64.Build.0 = Release|x64
		{BA0DDE71-475B-4A09-904F-C5F9C021CCB2}.Release|x86.ActiveCfg = Release|Win32
		{BA0DDE71-475B-4A09-904F-C5F9C021CCB2}.Release|x86.Build.0 = Release|Win32
		{04B2E1BD-798B-4B97-B6D7-083DACAD251C}.Debug|x64.ActiveCfg = Debug|x64
		{04B2E1BD-798B-4B97-B6D7-083DACAD251C}.Debug|x64.Build.0 = Debug|x64
		{04B2E1BD-798B-4B97-B6D7-083DACAD251C}.Debug|x86.ActiveCfg = Debug|Win32
		{04B2E1BD-798B-4B97-B6D7-083DACAD251C}.Debug|x86.Build.0 = Debug|Win32
		{04B2E1BD-798B-4B97-B6D7-083DACAD251C}.Release|x64.ActiveCfg = Release|x64
		{04B2E1BD-798B-4B97-B6D7-083DACAD251C}.Release|x64.Build.0 = Release|x64
		{04B2E1BD-798B-4B97-B6D7-083DACAD251C}.Release|x86.ActiveCfg = Release|Win32
		{04B2E1BD-798B-4B97-B6D7-083DACAD251C}.Release|x86.Build.0 = Release|Win32
		{203E81F6-CCDF-4BFD-A5AA-CB05E56C6EAB}.Debug|x64.ActiveCfg = Debug|x64
		{203E81F6-CCDF-4BFD-A5AA-CB05E56C6EAB}.Debug|x64.Build.0 = Debug|x64
		{203E81F6-CCDF-4BFD-A5AA-CB05E56C6EAB}.Debug|x86.ActiveCfg = Debug|Win32
		{203E81F6-CCDF-4BFD-A5AA-CB05E56C6EAB}.Debug|x86.Build.0 = Debug|Win32
		{203E81F6-CCDF-4BFD-A5AA-CB05E56C6EAB}.Release|x64.ActiveCfg = Release|x64
		{203E81F6-CCDF-4BFD-A5AA-CB05E56C6EAB}.Release|x64.Build.0 = Release|x64
		{203E81F6-CCDF-4BFD-A5AA-CB05E56C6EAB}.Release|x86.ActiveCfg = Release|Win32
		{203E81F6-CCDF-4BFD-A5AA-CB05E56C6EAB}.Release|x86.Build.0 = Release|Win32
		{1942FE2C-F4B8-4FD3-B350-E50A72FE3B35}.Debug|x64.ActiveCfg = Debug|x64
		{1942FE2C-F4B8-4FD3-B350-E50A72FE3B35}.Debug|x64.Build.0 = Debug|x64
		{1942FE2C-F4B8-4FD3-B350-E50A72FE3B35}.Debug|x86.ActiveCfg = Debug|Win32
		{1942FE2C-F4B8-4FD3-B350-E50A72FE3B35}.Debug|x86.Build.0 = Debug|Win32
		{1942FE2C-F4B8-4FD3-B350-E50A72FE3B35}.Release|x64.ActiveCfg = Release|x64
		{1942FE2C-F4B8-4FD3-B350-E50A72FE3B35}.Release|x64.Build.0 = Release|x64
		{1942FE2C-F4B8-4FD3-B350-E50A72FE3B35}.Release|x86.ActiveCfg = Release|Win32
		{1942FE2C-F4B8-4FD3-B350-E50A72FE3B35}.Release|x86.Build.0 = Release|Win32
		{2C56E3A0-A85C-4A60-A221-80BA141372AA}.Debug|x64.ActiveCfg = Debug|x64
		{2C56E3A0-A85C-4A60-A221-80BA141372AA}.Debug|x64.Build.0 = Debug|x64
		{2C56E3A0-A85C-4A60-A221-80BA141372AA}.Debug|x86.ActiveCfg = Debug|Win32
		{2C56E3A0-A85C-4A60-A221-80BA141372AA}.Debug|x86.Build.0 = Debug|Win32
		{2C56E3A0-A85C-4A60-A221-80BA141372AA}.Release|x64.ActiveCfg = Release|x64
		{2C56E3A0-A85C-4A60-A221-80BA141372AA}.Release|x64.Build.0 = Release|x64
		{2C56E3A0-A85C-4A60-A221-80BA141372AA}.Release|x86.ActiveCfg = Release|Win32
		{2C56E3A0-A85C-4A60-A221-80BA141372AA}.Release|x86.Build.0 = Release|Win32
		{5EFB00C0-FC09-46B4-B8B3-6168756FFBDC}.Debug|x64.ActiveCfg = Debug|x64
		{5EFB00C0-FC09-46B4-B8B3-6168756FFBDC}.Debug|x64.Build.0 = Debug|x64
		{5EFB00C0-FC09-46B4-B8B3-6168756FFBDC}.Debug|x86.ActiveCfg = Debug|Win32
		{5EFB00C0-FC09-46B4-B8B3-6168756FFBDC}.Debug|x86.Build.0 = Debug|Win32
		{5EFB00C0-FC09-46B4-B8B3-6168756FFBDC}.Release|x64.ActiveCfg = Release|x64
		{5EFB00C0-FC09-46B4-B8B3-6168756FFBDC}.Release|x64.Build.0 = Release|x64
		{5EFB00C0-FC09-46B4-B8B3-6168756FFBDC}.Release|x86.ActiveCfg = Release|Win32
		{5EFB00C0-FC09-46B4-B8B3-6168756FFBDC}.Release|x86.Build.0 = Release|Win32
		{2DAFB831-15DB-466C-85E4-085C08C1C326}.Debug|x64.ActiveCfg = Debug|x64
		{2DAFB831-15DB-466C-85E4-085C08C1C326}.Debug|x64.Build.0 = Debug|x64
		{2DAFB831-15DB-466C-85E4-085C08C1C326}.Debug|x86.ActiveCfg = Debug|Win32
		{2DAFB831-15DB-466C-85E4-085C08C1C326}.Debug|x86.Build.0 = Debug|Win32
		{2DAFB831-15DB-466C-85E4-085C08C1C326}.Release|x64.ActiveCfg = Release|x64
		{2DAFB831-15DB-466C-85E4-085C08C1C326}.Release|x64.Build.0 = Release|x64
		{2DAFB831-15DB-466C-85E4-085C08C1C326}.Release|x86.ActiveCfg = Release|Win32
		{2DAFB831-15DB-466C-85E4-085C08C1C326}.Release|x86.Build.0 = Release|Win32
		{B82F4D93-2F2B-43DD-BA58-E0702E7C7920}.Debug|x64.ActiveCfg = Debug|x64
		{B82F4D93-2F2B-43DD-BA58-E0702E7C7920}.Debug|x64.Build.0 = Debug|x64
		{B82F4D93-2F2B-43DD-BA58-E0702E7C7920}.Debug|x86.ActiveCfg = Debug|Win32
		{B82F4D93-2F2B-43DD-BA58-E0702E7C7920}.Debug|x86.Build.0 = Debug|Win32
		{B82F4D93-2F2B-43DD-BA58-E0702E7C7920}.Release|x64.ActiveCfg = Release|x64
		{B82F4D93-2F2B-43DD-BA58-E0702E7C7920}.Release|x64.Build.0 = Release|x64
		{B82F4D93-2F2B-43DD-BA58-E0702E7C7920}.Release|x86.ActiveCfg = Release|Win32
		{B82F4D93-2F2B-43DD-BA58-E0702E7C7920}.Release|x86.Build.0 = Release|Win32
		{A57359BD-EC39-4F95-9607-DEAE3F118451}.Debug|x64.ActiveCfg = Debug|x64
		{A57359BD-EC39-4F95-9607-DEAE3F118451}.Debug|x64.Build.0 = Debug|x64
		{A57359BD-EC39-4F95-9607-DEAE3F118451}.Debug|x86.ActiveCfg = Debug|Win32
		{A57359BD-EC39-4F95-9607-DEAE3F118451}.Debug|x86.Build.0 = Debug|Win32
		{A57359BD-EC39-4F95-9607-DEAE3F118451}.Release|x64.ActiveCfg = Release|x64
		{A57359BD-EC39-4F95-9607-DEAE3F118451}.Release|x64.Build.0 = Release|x64
		{A57359BD-EC39-4F95-9607-DEAE3F118451}.Release|x86.ActiveCfg = Release|Win32
		{A57359BD-EC39-4F95-9607-DEAE3F118451}.Release|x86.Build.0 = Release|Win32
		{0257526B-1F83-4C11-B905-F5B860614EE7}.Debug|x64.ActiveCfg = Debug|x64
		{0257526B-1F83-4C11-B905-F5B860614EE7}.Debug|x64.Build.0 = Debug|x64
		{0257526B-1F83-4C11-B905-F5B860614EE7}.Debug|x86.ActiveCfg = Debug|Win32
		{0257526B-1F83-4C11-B905-F5B860614EE7}.Debug|x86.Build.0 = Debug|Win32
		{0257526B-1F83-4C11-B905-F5B860614EE7}.Release|x64.ActiveCfg = Release|x64
		{0257526B-1F83-4C11-B905-F5B860614EE7}.Release|x64.Build.0 = Release|x64
		{0257526B-1F83-4C11-B905-F5B860614EE7}.Release|x86.ActiveCfg = Release|Win32
		{0257526B-1F83-4C11-B905-F5B860614EE7}.Release|x86.Build.0 = Release|Win32
		{A7B0FE88-ADD8-4D91-B995-42C704DF5F6D}.Debug|x64.ActiveCfg = Debug|x64
		{A7B0FE88-ADD8-4D91-B995-42C704DF5F6D}.Debug|x64.Build.0 = Debug|x64
		{A7B0FE88-ADD8-4D91-B995-42C704DF5F6D}.Debug|x86.ActiveCfg = Debug|Win32
		{A7B0FE88-ADD8-4D91-B995-42C704DF5F6D}.Debug|x86.Build.0 = Debug|Win32
		{A7B0FE88-ADD8-4D91-B995-42C704DF5F6D}.Release|x64.ActiveCfg = Release|x64
		{A7B0FE88-ADD8-4D91-B995-42C704DF5F6D}.Release|x64.Build.0 = Release|x64
		{A7B0FE88-ADD8-4D91-B995-42C704DF5F6D}.Release|x86.ActiveCfg = Release|Win32
		{A7B0FE88-ADD8-4D91-B995-42C704DF5F6D}.Release|x86.Build.0 = Release|Win32
		{B4C2F7B0-7DB7-48E8-948D-35CA016D13E3}.Debug|x64.ActiveCfg = Debug|x64
		{B4C2F7B0-7DB7-48E8-948D-35CA016D13E3}.Debug|x64.Build.0 = Debug|x64
		{B4C2F7B0-7DB7-48E8-948D-35CA016D13E3}.Debug|x86.ActiveCfg = Debug|Win32
		{B4C2F7B0-7DB7-48E8-948D-35CA016D13E3}.Debug|x86.Build.0 = Debug|Win32
		{B4C2F7B0-7DB7-48E8-948D-35CA016D13E3}.Release|x64.ActiveCfg = Release|x64
		{B4C2F7B0-7DB7-48E8-948D-35CA016D13E3}.Release|x64.Build.0 = Release|x64
		{B4C2F7B0-7DB7-48E8-948D-35CA016D13E3}.Release|x86.ActiveCfg = Release|Win32
		{B4C2F7B0-7DB7-48E8-948D-35CA016D13E3}.Release|x86.Build.0 = Release|Win32
		{8A1C8EDD-1441-42F9-82E3-AA216EF9AF85}.Debug|x64.ActiveCfg = Debug|x64
		{8A1C8EDD-1441-42F9-82E3-AA216EF9AF85}.Debug|x64.Build.0 = Debug|x64
		{8A1C8EDD-1441-42F9-82E3-AA216EF9AF85}.Debug|x86.ActiveCfg = Debug|Win32
		{8A1C8EDD-1441-42F9-82E3-AA216EF9AF85}.Debug|x86.Build.0 = Debug|Win32
		{8A1C8EDD-1441-42F9-82E3-AA216EF9AF85}.Release|x64.ActiveCfg = Release|x64
		{8A1C8EDD-1441-42F9-82E3-AA216EF9AF85}.Release|x64.Build.0 = Release|x64
		{8A1C8EDD-1441-42F9-82E3-AA216EF9AF85}.Release|x86.ActiveCfg = Release|Win32
		{8A1C8EDD-1441-42F9-82E3-AA216EF9AF85}.Release|x86.Build.0 = Release|Win32
		{D8F88996-832E-4FBC-8EFC-B64FB1DDCD0B}.Debug|x64.ActiveCfg = Debug|x64
		{D8F88996-832E-4FBC-8EFC-B64FB1DDCD0B}.Debug|x64.Build.0 = Debug|x64
		{D8F88996-832E-4FBC-8EFC-B64FB1DDCD0B}.Debug|x86.ActiveCfg = Debug|Win32
		{D8F88996-832E-4FBC-8EFC-B64FB1DDCD0B}.Debug|x86.Build.0 = Debug|Win32
		{D8F88996-832E-4FBC-8EFC-B64FB1DDCD0B}.Release|x64.ActiveCfg = Release|x64
		{D8F88996-832E-4FBC-8EFC-B64FB1DDCD0B}.Release|x64.Build.0 = Release|x64
		{D8F88996-832E-4FBC-8EFC-B64FB1DDCD0B}.Release|x86.ActiveCfg = Release|Win32
		{D8F88996-832E-4FBC-8EFC-B64FB1DDCD0B}.Release|x86.Build.0 = Release|Win32
		{1FA18EFB-85B7-49EA-83DB-CCE490EC0781}.Debug|x64.ActiveCfg = Debug|x64
		{1FA18EFB-85B7-49EA-83DB-CCE490EC0781}.Debug|x64.Build.0 = Debug|x64
		{1FA18EFB-85B7-49EA-83DB-CCE490EC0781}.Debug|x86.ActiveCfg = Debug|Win32
		{1FA18EFB-85B7-49EA-83DB-CCE490EC0781}.Debug|x86.Build.0 = Debug|Win32
		{1FA18EFB-85B7-49EA-83DB-CCE490EC0781}.Release|x64.ActiveCfg = Release|x64
		{1FA18EFB-85B7-49EA-83DB-CCE490EC0781}.Release|x64.Build.0 = Release|x64
		{1FA18EFB-85B7-49EA-83DB-CCE490EC0781}.Release|x86.ActiveCfg = Release|Win32
		{1FA18EFB-85B7-49EA-83DB-CCE490EC0781}.Release|x86.Build.0 = Release|Win32
		{04D1D3A7-1648-4DA4-9A09-5A802EFC09E7}.Debug|x64.ActiveCfg = Debug|x64
		{04D1D3A7-1648-4DA4-9A09-5A802EFC09E7}.Debug|x64.Build.0 = Debug|x64
		{04D1D3A7-1648-4DA4-9A09-5A802EFC09E7}.Debug|x86.ActiveCfg = Debug|Win32
		{04D1D3A7-1648-4DA4-9A09-5A802EFC09E7}.Debug|x86.Build.0 = Debug|Win32
		{04D1D3A7-1648-4DA4-9A09-5A802EFC09E7}.Release|x64.ActiveCfg = Release|x64
		{04D1D3A7-1648-4DA4-9A09-5A802EFC09E7}.Release|x64.Build.0 = Release|x64
		{04D1D3A7-1648-4DA4-9A09-5A802EFC09E7}.Release|x86.ActiveCfg = Release|Win32
		{04D1D3A7-1648-4DA4-9A09-5A802EFC09E7}.Release|x86.Build.0 = Release|Win32
		{CA79417D-482A-416D-B1A2-F087AD6CBB1B}.Debug|x64.ActiveCfg = Debug|x64
		{CA79417D-482A-416D-B1A2-F087AD6CBB1B}.Debug|x64.Build.0 = Debug|x64
		{CA79417D-482A-416D-B1A2-F087AD6CBB1B}.Debug|x86.ActiveCfg = Debug|Win32
		{CA79417D-482A-416D-B1A2-F087AD6CBB1B}.Debug|x86.Build.0 = Debug|Win32
		{CA79417D-482A-416D-B1A2-F087AD6CBB1B}.Release|x64.ActiveCfg = Release|x64
		{CA79417D-482A-416D-B1A2-F087AD6CBB1B}.Release|x64.Build.0 = Release|x64
		{CA79417D-482A-416D-B1A2-F087AD6CBB1B}.Release|x86.ActiveCfg = Release|Win32
		{CA79417D-482A-416D-B1A2-F087AD6CBB1B}.Release|x86.Build.0 = Release|Win32
	EndGlobalSection
	GlobalSection(SolutionProperties) = preSolution
		HideSolutionNode = FALSE
	EndGlobalSection
	GlobalSection(NestedProjects) = preSolution
		{4F680457-CBBD-4DE6-8019-71DC2FA6FB1D} = {DE3A84E4-A305-44A5-AB74-68B53F993734}
		{6811CD0D-C361-4349-B090-8883F8F1252E} = {DE3A84E4-A305-44A5-AB74-68B53F993734}
		{BB221B26-B871-421F-82E7-2A90518C9EAD} = {DE3A84E4-A305-44A5-AB74-68B53F993734}
		{69A7AA4D-7BE1-47F0-A518-6F37EBD1DF09} = {DE3A84E4-A305-44A5-AB74-68B53F993734}
		{69215A05-7910-492D-8D22-46DB3E53E5E2} = {DE3A84E4-A305-44A5-AB74-68B53F993734}
		{379CDD51-D899-4CAC-818F-DCD8B5A6F388} = {DE3A84E4-A305-44A5-AB74-68B53F993734}
		{639E43FD-DAB0-489C-A499-E078B21FF942} = {DE3A84E4-A305-44A5-AB74-68B53F993734}
		{F2E8DEC0-A47A-4E90-81AC-A0C7A86EE06A} = {DE3A84E4-A305-44A5-AB74-68B53F993734}
		{F2D6DF6C-3317-4360-9E17-BCCE6E17CC89} = {DE3A84E4-A305-44A5-AB74-68B53F993734}
		{BEA7D3C7-0C7A-47ED-91CA-F606723316FB} = {DE3A84E4-A305-44A5-AB74-68B53F993734}
		{91533D1A-61D5-4C94-A10B-0881F75B51B3} = {DE3A84E4-A305-44A5-AB74-68B53F993734}
		{EF3B39EF-3D22-4E86-8582-FEF18E2B9F0E} = {DE3A84E4-A305-44A5-AB74-68B53F993734}
		{DF34CF55-B311-48A8-B4D7-96E4D41D0249} = {DE3A84E4-A305-44A5-AB74-68B53F993734}
		{F1187D1F-773C-4D37-8142-27B887543BE5} = {DE3A84E4-A305-44A5-AB74-68B53F993734}
		{BDEBB867-824E-458C-988A-22A523AC0D50} = {DE3A84E4-A305-44A5-AB74-68B53F993734}
		{A696B704-4994-45DD-B544-66ED07B4FB9D} = {DE3A84E4-A305-44A5-AB74-68B53F993734}
		{A712FEFE-62DC-49D6-8A41-CD95093F1ADA} = {DE3A84E4-A305-44A5-AB74-68B53F993734}
		{34128E72-6FB5-43A6-9A45-78679F433600} = {DE3A84E4-A305-44A5-AB74-68B53F993734}
		{A7CA6A4F-979F-4D7C-A645-4591C0C8C5E4} = {DE3A84E4-A305-44A5-AB74-68B53F993734}
		{9931FF9F-2596-4A88-A146-809D89A650BB} = {DE3A84E4-A305-44A5-AB74-68B53F993734}
		{885C517A-B845-4492-94AC-FF4D6E21CA66} = {DE3A84E4-A305-44A5-AB74-68B53F993734}
		{BA0DDE71-475B-4A09-904F-C5F9C021CCB2} = {DE3A84E4-A305-44A5-AB74-68B53F993734}
		{04B2E1BD-798B-4B97-B6D7-083DACAD251C} = {DE3A84E4-A305-44A5-AB74-68B53F993734}
		{203E81F6-CCDF-4BFD-A5AA-CB05E56C6EAB} = {DE3A84E4-A305-44A5-AB74-68B53F993734}
		{1942FE2C-F4B8-4FD3-B350-E50A72FE3B35} = {DE3A84E4-A305-44A5-AB74-68B53F993734}
		{2C56E3A0-A85C-4A60-A221-80BA141372AA} = {0ACF7832-3C0A-4F02-BB87-3A932385F87C}
		{5EFB00C0-FC09-46B4-B8B3-6168756FFBDC} = {DE3A84E4-A305-44A5-AB74-68B53F993734}
		{2DAFB831-15DB-466C-85E4-085C08C1C326} = {0ACF7832-3C0A-4F02-BB87-3A932385F87C}
		{B82F4D93-2F2B-43DD-BA58-E0702E7C7920} = {0ACF7832-3C0A-4F02-BB87-3A932385F87C}
		{A57359BD-EC39-4F95-9607-DEAE3F118451} = {0ACF7832-3C0A-4F02-BB87-3A932385F87C}
		{0257526B-1F83-4C11-B905-F5B860614EE7} = {0ACF7832-3C0A-4F02-BB87-3A932385F87C}
		{A7B0FE88-ADD8-4D91-B995-42C704DF5F6D} = {0ACF7832-3C0A-4F02-BB87-3A932385F87C}
		{B4C2F7B0-7DB7-48E8-948D-35CA016D13E3} = {0ACF7832-3C0A-4F02-BB87-3A932385F87C}
		{8A1C8EDD-1441-42F9-82E3-AA216EF9AF85} = {0ACF7832-3C0A-4F02-BB87-3A932385F87C}
		{D8F88996-832E-4FBC-8EFC-B64FB1DDCD0B} = {0ACF7832-3C0A-4F02-BB87-3A932385F87C}
		{1FA18EFB-85B7-49EA-83DB-CCE490EC0781} = {0ACF7832-3C0A-4F02-BB87-3A932385F87C}
		{04D1D3A7-1648-4DA4-9A09-5A802EFC09E7} = {0ACF7832-3C0A-4F02-BB87-3A932385F87C}
	EndGlobalSection
EndGlobal
